
Microsoft Visual Studio Solution File, Format Version 12.00
# Visual Studio Version 17
VisualStudioVersion = 17.2.32616.157
MinimumVisualStudioVersion = 10.0.40219.1
Project("{9A19103F-16F7-4668-BE54-9A1E7A4F7556}") = "Examination", "Examination\Examination.csproj", "{F8947364-62E0-41CA-BFF1-C055F16B548C}"
EndProject
Project("{9A19103F-16F7-4668-BE54-9A1E7A4F7556}") = "Examination.Domain", "Examination.Domain\Examination.Domain.csproj", "{BC37BAA2-590C-491C-BAC6-FE76266404B1}"
EndProject
Project("{9A19103F-16F7-4668-BE54-9A1E7A4F7556}") = "Examination.Data", "Examination.Data\Examination.Data.csproj", "{A6A7908C-BFCC-441A-B619-D508F569A5D0}"
EndProject
Project("{FAE04EC0-301F-11D3-BF4B-00C04F79EFBC}") = "Examintaion.Service", "Examintaion.Service\Examintaion.Service.csproj", "{F91BEE46-2C78-4171-BB04-92F9E1D7694B}"
EndProject
Global
	GlobalSection(SolutionConfigurationPlatforms) = preSolution
		Debug|Any CPU = Debug|Any CPU
		Release|Any CPU = Release|Any CPU
	EndGlobalSection
	GlobalSection(ProjectConfigurationPlatforms) = postSolution
		{F8947364-62E0-41CA-BFF1-C055F16B548C}.Debug|Any CPU.ActiveCfg = Debug|Any CPU
		{F8947364-62E0-41CA-BFF1-C055F16B548C}.Debug|Any CPU.Build.0 = Debug|Any CPU
		{F8947364-62E0-41CA-BFF1-C055F16B548C}.Release|Any CPU.ActiveCfg = Release|Any CPU
		{F8947364-62E0-41CA-BFF1-C055F16B548C}.Release|Any CPU.Build.0 = Release|Any CPU
		{BC37BAA2-590C-491C-BAC6-FE76266404B1}.Debug|Any CPU.ActiveCfg = Debug|Any CPU
		{BC37BAA2-590C-491C-BAC6-FE76266404B1}.Debug|Any CPU.Build.0 = Debug|Any CPU
		{BC37BAA2-590C-491C-BAC6-FE76266404B1}.Release|Any CPU.ActiveCfg = Release|Any CPU
		{BC37BAA2-590C-491C-BAC6-FE76266404B1}.Release|Any CPU.Build.0 = Release|Any CPU
		{A6A7908C-BFCC-441A-B619-D508F569A5D0}.Debug|Any CPU.ActiveCfg = Debug|Any CPU
		{A6A7908C-BFCC-441A-B619-D508F569A5D0}.Debug|Any CPU.Build.0 = Debug|Any CPU
		{A6A7908C-BFCC-441A-B619-D508F569A5D0}.Release|Any CPU.ActiveCfg = Release|Any CPU
		{A6A7908C-BFCC-441A-B619-D508F569A5D0}.Release|Any CPU.Build.0 = Release|Any CPU
		{F91BEE46-2C78-4171-BB04-92F9E1D7694B}.Debug|Any CPU.ActiveCfg = Debug|Any CPU
		{F91BEE46-2C78-4171-BB04-92F9E1D7694B}.Debug|Any CPU.Build.0 = Debug|Any CPU
		{F91BEE46-2C78-4171-BB04-92F9E1D7694B}.Release|Any CPU.ActiveCfg = Release|Any CPU
		{F91BEE46-2C78-4171-BB04-92F9E1D7694B}.Release|Any CPU.Build.0 = Release|Any CPU
	EndGlobalSection
	GlobalSection(SolutionProperties) = preSolution
		HideSolutionNode = FALSE
	EndGlobalSection
	GlobalSection(ExtensibilityGlobals) = postSolution
		SolutionGuid = {12BF7B5C-EC89-4006-BC9B-0903466B471A}
	EndGlobalSection
EndGlobal
